
Microsoft Visual Studio Solution File, Format Version 12.00
# Visual Studio Version 16
VisualStudioVersion = 16.0.29020.237
MinimumVisualStudioVersion = 10.0.40219.1
Project("{9A19103F-16F7-4668-BE54-9A1E7A4F7556}") = "LearningSystem.Web", "LearningSystem.Web\LearningSystem.Web.csproj", "{F6FC0260-7C46-4BC1-9CF5-5227582EE57D}"
EndProject
Project("{9A19103F-16F7-4668-BE54-9A1E7A4F7556}") = "LearningSystem.Data", "LearningSystem.Data\LearningSystem.Data.csproj", "{27687353-5770-4F9C-B428-98B22AA87829}"
EndProject
Project("{FAE04EC0-301F-11D3-BF4B-00C04F79EFBC}") = "LearningSystem.Services", "LearningSystem.Services\LearningSystem.Services.csproj", "{AED62158-A6C3-4555-A049-5C670752A761}"
EndProject
Global
	GlobalSection(SolutionConfigurationPlatforms) = preSolution
		Debug|Any CPU = Debug|Any CPU
		Release|Any CPU = Release|Any CPU
	EndGlobalSection
	GlobalSection(ProjectConfigurationPlatforms) = postSolution
		{F6FC0260-7C46-4BC1-9CF5-5227582EE57D}.Debug|Any CPU.ActiveCfg = Debug|Any CPU
		{F6FC0260-7C46-4BC1-9CF5-5227582EE57D}.Debug|Any CPU.Build.0 = Debug|Any CPU
		{F6FC0260-7C46-4BC1-9CF5-5227582EE57D}.Release|Any CPU.ActiveCfg = Release|Any CPU
		{F6FC0260-7C46-4BC1-9CF5-5227582EE57D}.Release|Any CPU.Build.0 = Release|Any CPU
		{27687353-5770-4F9C-B428-98B22AA87829}.Debug|Any CPU.ActiveCfg = Debug|Any CPU
		{27687353-5770-4F9C-B428-98B22AA87829}.Debug|Any CPU.Build.0 = Debug|Any CPU
		{27687353-5770-4F9C-B428-98B22AA87829}.Release|Any CPU.ActiveCfg = Release|Any CPU
		{27687353-5770-4F9C-B428-98B22AA87829}.Release|Any CPU.Build.0 = Release|Any CPU
		{AED62158-A6C3-4555-A049-5C670752A761}.Debug|Any CPU.ActiveCfg = Debug|Any CPU
		{AED62158-A6C3-4555-A049-5C670752A761}.Debug|Any CPU.Build.0 = Debug|Any CPU
		{AED62158-A6C3-4555-A049-5C670752A761}.Release|Any CPU.ActiveCfg = Release|Any CPU
		{AED62158-A6C3-4555-A049-5C670752A761}.Release|Any CPU.Build.0 = Release|Any CPU
	EndGlobalSection
	GlobalSection(SolutionProperties) = preSolution
		HideSolutionNode = FALSE
	EndGlobalSection
	GlobalSection(ExtensibilityGlobals) = postSolution
		SolutionGuid = {A16BBEE2-7BAC-4D4A-85E9-32AA27B34BC3}
	EndGlobalSection
EndGlobal
